
Microsoft Visual Studio Solution File, Format Version 12.00
# Visual Studio 2017
Project("{FAE04EC0-301F-11D3-BF4B-00C04F79EFBC}") = "GGAEGGAE", "GGAEGGAE.csproj", "{98A47421-DB16-8E05-15F4-63762BFA0EE3}"
EndProject
Global
	GlobalSection(SolutionConfigurationPlatforms) = preSolution
		Debug|Any CPU = Debug|Any CPU
		Release|Any CPU = Release|Any CPU
	EndGlobalSection
	GlobalSection(ProjectConfigurationPlatforms) = postSolution
		{98A47421-DB16-8E05-15F4-63762BFA0EE3}.Debug|Any CPU.ActiveCfg = Debug|Any CPU
		{98A47421-DB16-8E05-15F4-63762BFA0EE3}.Debug|Any CPU.Build.0 = Debug|Any CPU
		{98A47421-DB16-8E05-15F4-63762BFA0EE3}.Release|Any CPU.ActiveCfg = Release|Any CPU
		{98A47421-DB16-8E05-15F4-63762BFA0EE3}.Release|Any CPU.Build.0 = Release|Any CPU
	EndGlobalSection
	GlobalSection(SolutionProperties) = preSolution
		HideSolutionNode = FALSE
	EndGlobalSection
EndGlobal
