
Microsoft Visual Studio Solution File, Format Version 12.00
# Visual Studio 2017
Project("{FAE04EC0-301F-11D3-BF4B-00C04F79EFBC}") = "GGAEGGAE_20171111_2133", "GGAEGGAE_20171111_2133.csproj", "{21C80947-E8E2-159D-09F3-E1717110507A}"
EndProject
Global
	GlobalSection(SolutionConfigurationPlatforms) = preSolution
		Debug|Any CPU = Debug|Any CPU
		Release|Any CPU = Release|Any CPU
	EndGlobalSection
	GlobalSection(ProjectConfigurationPlatforms) = postSolution
		{21C80947-E8E2-159D-09F3-E1717110507A}.Debug|Any CPU.ActiveCfg = Debug|Any CPU
		{21C80947-E8E2-159D-09F3-E1717110507A}.Debug|Any CPU.Build.0 = Debug|Any CPU
		{21C80947-E8E2-159D-09F3-E1717110507A}.Release|Any CPU.ActiveCfg = Release|Any CPU
		{21C80947-E8E2-159D-09F3-E1717110507A}.Release|Any CPU.Build.0 = Release|Any CPU
	EndGlobalSection
	GlobalSection(SolutionProperties) = preSolution
		HideSolutionNode = FALSE
	EndGlobalSection
EndGlobal
