
Microsoft Visual Studio Solution File, Format Version 12.00
# Visual Studio 2017
Project("{FAE04EC0-301F-11D3-BF4B-00C04F79EFBC}") = "GGAEGGAE_20171104_PM1053", "GGAEGGAE_20171104_PM1053.csproj", "{CA4C64C5-C494-79BC-C6B0-9894D3228085}"
EndProject
Global
	GlobalSection(SolutionConfigurationPlatforms) = preSolution
		Debug|Any CPU = Debug|Any CPU
		Release|Any CPU = Release|Any CPU
	EndGlobalSection
	GlobalSection(ProjectConfigurationPlatforms) = postSolution
		{CA4C64C5-C494-79BC-C6B0-9894D3228085}.Debug|Any CPU.ActiveCfg = Debug|Any CPU
		{CA4C64C5-C494-79BC-C6B0-9894D3228085}.Debug|Any CPU.Build.0 = Debug|Any CPU
		{CA4C64C5-C494-79BC-C6B0-9894D3228085}.Release|Any CPU.ActiveCfg = Release|Any CPU
		{CA4C64C5-C494-79BC-C6B0-9894D3228085}.Release|Any CPU.Build.0 = Release|Any CPU
	EndGlobalSection
	GlobalSection(SolutionProperties) = preSolution
		HideSolutionNode = FALSE
	EndGlobalSection
EndGlobal
